
Microsoft Visual Studio Solution File, Format Version 12.00
# Visual Studio 15
VisualStudioVersion = 15.0.26730.12
MinimumVisualStudioVersion = 10.0.40219.1
Project("{FAE04EC0-301F-11D3-BF4B-00C04F79EFBC}") = "LifeGame", "LifeGame\LifeGame.csproj", "{7B26F876-FB51-4963-AC0A-7CCD549A767A}"
EndProject
Global
	GlobalSection(SolutionConfigurationPlatforms) = preSolution
		Debug|Any CPU = Debug|Any CPU
		Release|Any CPU = Release|Any CPU
	EndGlobalSection
	GlobalSection(ProjectConfigurationPlatforms) = postSolution
		{7B26F876-FB51-4963-AC0A-7CCD549A767A}.Debug|Any CPU.ActiveCfg = Debug|Any CPU
		{7B26F876-FB51-4963-AC0A-7CCD549A767A}.Debug|Any CPU.Build.0 = Debug|Any CPU
		{7B26F876-FB51-4963-AC0A-7CCD549A767A}.Release|Any CPU.ActiveCfg = Release|Any CPU
		{7B26F876-FB51-4963-AC0A-7CCD549A767A}.Release|Any CPU.Build.0 = Release|Any CPU
	EndGlobalSection
	GlobalSection(SolutionProperties) = preSolution
		HideSolutionNode = FALSE
	EndGlobalSection
	GlobalSection(ExtensibilityGlobals) = postSolution
		SolutionGuid = {F26E290D-6019-4149-8986-1E0704AA242C}
	EndGlobalSection
EndGlobal
